// !$*UTF8*$!
{
	archiveVersion = 1;
	classes = {
	};
	objectVersion = 46;
	objects = {

/* Begin PBXBuildFile section */
		605AA4F01D9A66FF008796B1 /* main.m in Sources */ = {isa = PBXBuildFile; fileRef = 605AA4EF1D9A66FF008796B1 /* main.m */; };
		605AA4F31D9A66FF008796B1 /* AppDelegate.m in Sources */ = {isa = PBXBuildFile; fileRef = 605AA4F21D9A66FF008796B1 /* AppDelegate.m */; };
		605AA4F61D9A66FF008796B1 /* ViewController.m in Sources */ = {isa = PBXBuildFile; fileRef = 605AA4F51D9A66FF008796B1 /* ViewController.m */; };
		605AA4F91D9A66FF008796B1 /* Main.storyboard in Resources */ = {isa = PBXBuildFile; fileRef = 605AA4F71D9A66FF008796B1 /* Main.storyboard */; };
		605AA4FB1D9A66FF008796B1 /* Assets.xcassets in Resources */ = {isa = PBXBuildFile; fileRef = 605AA4FA1D9A66FF008796B1 /* Assets.xcassets */; };
		605AA4FE1D9A66FF008796B1 /* LaunchScreen.storyboard in Resources */ = {isa = PBXBuildFile; fileRef = 605AA4FC1D9A66FF008796B1 /* LaunchScreen.storyboard */; };
/* End PBXBuildFile section */

/* Begin PBXFileReference section */
		605AA4EB1D9A66FF008796B1 /* iPinchRotate.app */ = {isa = PBXFileReference; explicitFileType = wrapper.application; includeInIndex = 0; path = iPinchRotate.app; sourceTree = BUILT_PRODUCTS_DIR; };
		605AA4EF1D9A66FF008796B1 /* main.m */ = {isa = PBXFileReference; lastKnownFileType = sourcecode.c.objc; path = main.m; sourceTree = "<group>"; };
		605AA4F11D9A66FF008796B1 /* AppDelegate.h */ = {isa = PBXFileReference; lastKnownFileType = sourcecode.c.h; path = AppDelegate.h; sourceTree = "<group>"; };
		605AA4F21D9A66FF008796B1 /* AppDelegate.m */ = {isa = PBXFileReference; lastKnownFileType = sourcecode.c.objc; path = AppDelegate.m; sourceTree = "<group>"; };
		605AA4F41D9A66FF008796B1 /* ViewController.h */ = {isa = PBXFileReference; lastKnownFileType = sourcecode.c.h; path = ViewController.h; sourceTree = "<group>"; };
		605AA4F51D9A66FF008796B1 /* ViewController.m */ = {isa = PBXFileReference; lastKnownFileType = sourcecode.c.objc; path = ViewController.m; sourceTree = "<group>"; };
		605AA4F81D9A66FF008796B1 /* Base */ = {isa = PBXFileReference; lastKnownFileType = file.storyboard; name = Base; path = Base.lproj/Main.storyboard; sourceTree = "<group>"; };
		605AA4FA1D9A66FF008796B1 /* Assets.xcassets */ = {isa = PBXFileReference; lastKnownFileType = folder.assetcatalog; path = Assets.xcassets; sourceTree = "<group>"; };
		605AA4FD1D9A66FF008796B1 /* Base */ = {isa = PBXFileReference; lastKnownFileType = file.storyboard; name = Base; path = Base.lproj/LaunchScreen.storyboard; sourceTree = "<group>"; };
		605AA4FF1D9A66FF008796B1 /* Info.plist */ = {isa = PBXFileReference; lastKnownFileType = text.plist.xml; path = Info.plist; sourceTree = "<group>"; };
/* End PBXFileReference section */

/* Begin PBXFrameworksBuildPhase section */
		605AA4E81D9A66FF008796B1 /* Frameworks */ = {
			isa = PBXFrameworksBuildPhase;
			buildActionMask = 2147483647;
			files = (
			);
			runOnlyForDeploymentPostprocessing = 0;
		};
/* End PBXFrameworksBuildPhase section */

/* Begin PBXGroup section */
		605AA4E21D9A66FF008796B1 = {
			isa = PBXGroup;
			children = (
				605AA4ED1D9A66FF008796B1 /* iPinchRotate */,
				605AA4EC1D9A66FF008796B1 /* Products */,
			);
			sourceTree = "<group>";
		};
		605AA4EC1D9A66FF008796B1 /* Products */ = {
			isa = PBXGroup;
			children = (
				605AA4EB1D9A66FF008796B1 /* iPinchRotate.app */,
			);
			name = Products;
			sourceTree = "<group>";
		};
		605AA4ED1D9A66FF008796B1 /* iPinchRotate */ = {
			isa = PBXGroup;
			children = (
				605AA4F11D9A66FF008796B1 /* AppDelegate.h */,
				605AA4F21D9A66FF008796B1 /* AppDelegate.m */,
				605AA4F41D9A66FF008796B1 /* ViewController.h */,
				605AA4F51D9A66FF008796B1 /* ViewController.m */,
				605AA4F71D9A66FF008796B1 /* Main.storyboard */,
				605AA4FA1D9A66FF008796B1 /* Assets.xcassets */,
				605AA4FC1D9A66FF008796B1 /* LaunchScreen.storyboard */,
				605AA4FF1D9A66FF008796B1 /* Info.plist */,
				605AA4EE1D9A66FF008796B1 /* Supporting Files */,
			);
			path = iPinchRotate;
			sourceTree = "<group>";
		};
		605AA4EE1D9A66FF008796B1 /* Supporting Files */ = {
			isa = PBXGroup;
			children = (
				605AA4EF1D9A66FF008796B1 /* main.m */,
			);
			name = "Supporting Files";
			sourceTree = "<group>";
		};
/* End PBXGroup section */

/* Begin PBXNativeTarget section */
		605AA4EA1D9A66FF008796B1 /* iPinchRotate */ = {
			isa = PBXNativeTarget;
			buildConfigurationList = 605AA5021D9A66FF008796B1 /* Build configuration list for PBXNativeTarget "iPinchRotate" */;
			buildPhases = (
				605AA4E71D9A66FF008796B1 /* Sources */,
				605AA4E81D9A66FF008796B1 /* Frameworks */,
				605AA4E91D9A66FF008796B1 /* Resources */,
			);
			buildRules = (
			);
			dependencies = (
			);
			name = iPinchRotate;
			productName = iPinchRotate;
			productReference = 605AA4EB1D9A66FF008796B1 /* iPinchRotate.app */;
			productType = "com.apple.product-type.application";
		};
/* End PBXNativeTarget section */

/* Begin PBXProject section */
		605AA4E31D9A66FF008796B1 /* Project object */ = {
			isa = PBXProject;
			attributes = {
				LastUpgradeCheck = 0800;
				ORGANIZATIONNAME = "Bui Duc Khanh";
				TargetAttributes = {
					605AA4EA1D9A66FF008796B1 = {
						CreatedOnToolsVersion = 8.0;
						ProvisioningStyle = Automatic;
					};
				};
			};
			buildConfigurationList = 605AA4E61D9A66FF008796B1 /* Build configuration list for PBXProject "iPinchRotate" */;
			compatibilityVersion = "Xcode 3.2";
			developmentRegion = English;
			hasScannedForEncodings = 0;
			knownRegions = (
				en,
				Base,
			);
			mainGroup = 605AA4E21D9A66FF008796B1;
			productRefGroup = 605AA4EC1D9A66FF008796B1 /* Products */;
			projectDirPath = "";
			projectRoot = "";
			targets = (
				605AA4EA1D9A66FF008796B1 /* iPinchRotate */,
			);
		};
/* End PBXProject section */

/* Begin PBXResourcesBuildPhase section */
		605AA4E91D9A66FF008796B1 /* Resources */ = {
			isa = PBXResourcesBuildPhase;
			buildActionMask = 2147483647;
			files = (
				605AA4FE1D9A66FF008796B1 /* LaunchScreen.storyboard in Resources */,
				605AA4FB1D9A66FF008796B1 /* Assets.xcassets in Resources */,
				605AA4F91D9A66FF008796B1 /* Main.storyboard in Resources */,
			);
			runOnlyForDeploymentPostprocessing = 0;
		};
/* End PBXResourcesBuildPhase section */

/* Begin PBXSourcesBuildPhase section */
		605AA4E71D9A66FF008796B1 /* Sources */ = {
			isa = PBXSourcesBuildPhase;
			buildActionMask = 2147483647;
			files = (
				605AA4F61D9A66FF008796B1 /* ViewController.m in Sources */,
				605AA4F31D9A66FF008796B1 /* AppDelegate.m in Sources */,
				605AA4F01D9A66FF008796B1 /* main.m in Sources */,
			);
			runOnlyForDeploymentPostprocessing = 0;
		};
/* End PBXSourcesBuildPhase section */

/* Begin PBXVariantGroup section */
		605AA4F71D9A66FF008796B1 /* Main.storyboard */ = {
			isa = PBXVariantGroup;
			children = (
				605AA4F81D9A66FF008796B1 /* Base */,
			);
			name = Main.storyboard;
			sourceTree = "<group>";
		};
		605AA4FC1D9A66FF008796B1 /* LaunchScreen.storyboard */ = {
			isa = PBXVariantGroup;
			children = (
				605AA4FD1D9A66FF008796B1 /* Base */,
			);
			name = LaunchScreen.storyboard;
			sourceTree = "<group>";
		};
/* End PBXVariantGroup section */

/* Begin XCBuildConfiguration section */
		605AA5001D9A66FF008796B1 /* Debug */ = {
			isa = XCBuildConfiguration;
			buildSettings = {
				ALWAYS_SEARCH_USER_PATHS = NO;
				CLANG_ANALYZER_NONNULL = YES;
				CLANG_CXX_LANGUAGE_STANDARD = "gnu++0x";
				CLANG_CXX_LIBRARY = "libc++";
				CLANG_ENABLE_MODULES = YES;
				CLANG_ENABLE_OBJC_ARC = YES;
				CLANG_WARN_BOOL_CONVERSION = YES;
				CLANG_WARN_CONSTANT_CONVERSION = YES;
				CLANG_WARN_DIRECT_OBJC_ISA_USAGE = YES_ERROR;
				CLANG_WARN_DOCUMENTATION_COMMENTS = YES;
				CLANG_WARN_EMPTY_BODY = YES;
				CLANG_WARN_ENUM_CONVERSION = YES;
				CLANG_WARN_INFINITE_RECURSION = YES;
				CLANG_WARN_INT_CONVERSION = YES;
				CLANG_WARN_OBJC_ROOT_CLASS = YES_ERROR;
				CLANG_WARN_SUSPICIOUS_MOVES = YES;
				CLANG_WARN_UNREACHABLE_CODE = YES;
				CLANG_WARN__DUPLICATE_METHOD_MATCH = YES;
				"CODE_SIGN_IDENTITY[sdk=iphoneos*]" = "iPhone Developer";
				COPY_PHASE_STRIP = NO;
				DEBUG_INFORMATION_FORMAT = dwarf;
				ENABLE_STRICT_OBJC_MSGSEND = YES;
				ENABLE_TESTABILITY = YES;
				GCC_C_LANGUAGE_STANDARD = gnu99;
				GCC_DYNAMIC_NO_PIC = NO;
				GCC_NO_COMMON_BLOCKS = YES;
				GCC_OPTIMIZATION_LEVEL = 0;
				GCC_PREPROCESSOR_DEFINITIONS = (
					"DEBUG=1",
					"$(inherited)",
				);
				GCC_WARN_64_TO_32_BIT_CONVERSION = YES;
				GCC_WARN_ABOUT_RETURN_TYPE = YES_ERROR;
				GCC_WARN_UNDECLARED_SELECTOR = YES;
				GCC_WARN_UNINITIALIZED_AUTOS = YES_AGGRESSIVE;
				GCC_WARN_UNUSED_FUNCTION = YES;
				GCC_WARN_UNUSED_VARIABLE = YES;
				IPHONEOS_DEPLOYMENT_TARGET = 10.0;
				MTL_ENABLE_DEBUG_INFO = YES;
				ONLY_ACTIVE_ARCH = YES;
				SDKROOT = iphoneos;
			};
			name = Debug;
		};
		605AA5011D9A66FF008796B1 /* Release */ = {
			isa = XCBuildConfiguration;
			buildSettings = {
				ALWAYS_SEARCH_USER_PATHS = NO;
				CLANG_ANALYZER_NONNULL = YES;
				CLANG_CXX_LANGUAGE_STANDARD = "gnu++0x";
				CLANG_CXX_LIBRARY = "libc++";
				CLANG_ENABLE_MODULES = YES;
				CLANG_ENABLE_OBJC_ARC = YES;
				CLANG_WARN_BOOL_CONVERSION = YES;
				CLANG_WARN_CONSTANT_CONVERSION = YES;
				CLANG_WARN_DIRECT_OBJC_ISA_USAGE = YES_ERROR;
				CLANG_WARN_DOCUMENTATION_COMMENTS = YES;
				CLANG_WARN_EMPTY_BODY = YES;
				CLANG_WARN_ENUM_CONVERSION = YES;
				CLANG_WARN_INFINITE_RECURSION = YES;
				CLANG_WARN_INT_CONVERSION = YES;
				CLANG_WARN_OBJC_ROOT_CLASS = YES_ERROR;
				CLANG_WARN_SUSPICIOUS_MOVES = YES;
				CLANG_WARN_UNREACHABLE_CODE = YES;
				CLANG_WARN__DUPLICATE_METHOD_MATCH = YES;
				"CODE_SIGN_IDENTITY[sdk=iphoneos*]" = "iPhone Developer";
				COPY_PHASE_STRIP = NO;
				DEBUG_INFORMATION_FORMAT = "dwarf-with-dsym";
				ENABLE_NS_ASSERTIONS = NO;
				ENABLE_STRICT_OBJC_MSGSEND = YES;
				GCC_C_LANGUAGE_STANDARD = gnu99;
				GCC_NO_COMMON_BLOCKS = YES;
				GCC_WARN_64_TO_32_BIT_CONVERSION = YES;
				GCC_WARN_ABOUT_RETURN_TYPE = YES_ERROR;
				GCC_WARN_UNDECLARED_SELECTOR = YES;
				GCC_WARN_UNINITIALIZED_AUTOS = YES_AGGRESSIVE;
				GCC_WARN_UNUSED_FUNCTION = YES;
				GCC_WARN_UNUSED_VARIABLE = YES;
				IPHONEOS_DEPLOYMENT_TARGET = 10.0;
				MTL_ENABLE_DEBUG_INFO = NO;
				SDKROOT = iphoneos;
				VALIDATE_PRODUCT = YES;
			};
			name = Release;
		};
		605AA5031D9A66FF008796B1 /* Debug */ = {
			isa = XCBuildConfiguration;
			buildSettings = {
				ASSETCATALOG_COMPILER_APPICON_NAME = AppIcon;
				INFOPLIST_FILE = iPinchRotate/Info.plist;
				LD_RUNPATH_SEARCH_PATHS = "$(inherited) @executable_path/Frameworks";
				PRODUCT_BUNDLE_IDENTIFIER = vn.khanhbd.iPinchRotate;
				PRODUCT_NAME = "$(TARGET_NAME)";
			};
			name = Debug;
		};
		605AA5041D9A66FF008796B1 /* Release */ = {
			isa = XCBuildConfiguration;
			buildSettings = {
				ASSETCATALOG_COMPILER_APPICON_NAME = AppIcon;
				INFOPLIST_FILE = iPinchRotate/Info.plist;
				LD_RUNPATH_SEARCH_PATHS = "$(inherited) @executable_path/Frameworks";
				PRODUCT_BUNDLE_IDENTIFIER = vn.khanhbd.iPinchRotate;
				PRODUCT_NAME = "$(TARGET_NAME)";
			};
			name = Release;
		};
/* End XCBuildConfiguration section */

/* Begin XCConfigurationList section */
		605AA4E61D9A66FF008796B1 /* Build configuration list for PBXProject "iPinchRotate" */ = {
			isa = XCConfigurationList;
			buildConfigurations = (
				605AA5001D9A66FF008796B1 /* Debug */,
				605AA5011D9A66FF008796B1 /* Release */,
			);
			defaultConfigurationIsVisible = 0;
			defaultConfigurationName = Release;
		};
		605AA5021D9A66FF008796B1 /* Build configuration list for PBXNativeTarget "iPinchRotate" */ = {
			isa = XCConfigurationList;
			buildConfigurations = (
				605AA5031D9A66FF008796B1 /* Debug */,
				605AA5041D9A66FF008796B1 /* Release */,
			);
			defaultConfigurationIsVisible = 0;
		};
/* End XCConfigurationList section */
	};
	rootObject = 605AA4E31D9A66FF008796B1 /* Project object */;
}
